
Microsoft Visual Studio Solution File, Format Version 12.00
# Visual Studio Version 16
VisualStudioVersion = 16.0.31613.86
MinimumVisualStudioVersion = 10.0.40219.1
Project("{8BC9CEB8-8B4A-11D0-8D11-00A0C91BC942}") = "warGame", "warGame.vcxproj", "{F8CF46E8-2D47-413E-85E2-F4BCF45378CE}"
EndProject
Global
	GlobalSection(SolutionConfigurationPlatforms) = preSolution
		Debug|x64 = Debug|x64
		Debug|x86 = Debug|x86
		Release|x64 = Release|x64
		Release|x86 = Release|x86
	EndGlobalSection
	GlobalSection(ProjectConfigurationPlatforms) = postSolution
		{F8CF46E8-2D47-413E-85E2-F4BCF45378CE}.Debug|x64.ActiveCfg = Debug|x64
		{F8CF46E8-2D47-413E-85E2-F4BCF45378CE}.Debug|x64.Build.0 = Debug|x64
		{F8CF46E8-2D47-413E-85E2-F4BCF45378CE}.Debug|x86.ActiveCfg = Debug|Win32
		{F8CF46E8-2D47-413E-85E2-F4BCF45378CE}.Debug|x86.Build.0 = Debug|Win32
		{F8CF46E8-2D47-413E-85E2-F4BCF45378CE}.Release|x64.ActiveCfg = Release|x64
		{F8CF46E8-2D47-413E-85E2-F4BCF45378CE}.Release|x64.Build.0 = Release|x64
		{F8CF46E8-2D47-413E-85E2-F4BCF45378CE}.Release|x86.ActiveCfg = Release|Win32
		{F8CF46E8-2D47-413E-85E2-F4BCF45378CE}.Release|x86.Build.0 = Release|Win32
	EndGlobalSection
	GlobalSection(SolutionProperties) = preSolution
		HideSolutionNode = FALSE
	EndGlobalSection
	GlobalSection(ExtensibilityGlobals) = postSolution
		SolutionGuid = {713D2633-CBC3-4DA4-95F5-C5BDB00C49F9}
	EndGlobalSection
EndGlobal
